
Microsoft Visual Studio Solution File, Format Version 12.00
# Visual Studio Version 16
VisualStudioVersion = 16.0.33214.272
MinimumVisualStudioVersion = 10.0.40219.1
Project("{FAE04EC0-301F-11D3-BF4B-00C04F79EFBC}") = "Likekero.UWP", "Likekero.UWP\Likekero.UWP.csproj", "{EC07893F-D70A-4DC1-BD4E-B80798EAD078}"
EndProject
Project("{FAE04EC0-301F-11D3-BF4B-00C04F79EFBC}") = "Likekero.Android", "Likekero.Android\Likekero.Android.csproj", "{E1473A34-5C73-4650-8C9A-0E02F5E75BDA}"
EndProject
Project("{FAE04EC0-301F-11D3-BF4B-00C04F79EFBC}") = "Likekero.iOS", "Likekero.iOS\Likekero.iOS.csproj", "{A63E183F-7009-4D43-8662-07E288998D54}"
EndProject
Project("{FAE04EC0-301F-11D3-BF4B-00C04F79EFBC}") = "Likekero", "Likekero\Likekero.csproj", "{60ECAF59-685D-4AC1-9326-09AC4614A769}"
EndProject
Global
	GlobalSection(SolutionConfigurationPlatforms) = preSolution
		Debug|Any CPU = Debug|Any CPU
		Debug|ARM = Debug|ARM
		Debug|iPhone = Debug|iPhone
		Debug|iPhoneSimulator = Debug|iPhoneSimulator
		Debug|x64 = Debug|x64
		Debug|x86 = Debug|x86
		Release|Any CPU = Release|Any CPU
		Release|ARM = Release|ARM
		Release|iPhone = Release|iPhone
		Release|iPhoneSimulator = Release|iPhoneSimulator
		Release|x64 = Release|x64
		Release|x86 = Release|x86
	EndGlobalSection
	GlobalSection(ProjectConfigurationPlatforms) = postSolution
		{EC07893F-D70A-4DC1-BD4E-B80798EAD078}.Debug|Any CPU.ActiveCfg = Debug|x86
		{EC07893F-D70A-4DC1-BD4E-B80798EAD078}.Debug|Any CPU.Build.0 = Debug|x86
		{EC07893F-D70A-4DC1-BD4E-B80798EAD078}.Debug|Any CPU.Deploy.0 = Debug|x86
		{EC07893F-D70A-4DC1-BD4E-B80798EAD078}.Debug|ARM.ActiveCfg = Debug|ARM
		{EC07893F-D70A-4DC1-BD4E-B80798EAD078}.Debug|ARM.Build.0 = Debug|ARM
		{EC07893F-D70A-4DC1-BD4E-B80798EAD078}.Debug|ARM.Deploy.0 = Debug|ARM
		{EC07893F-D70A-4DC1-BD4E-B80798EAD078}.Debug|iPhone.ActiveCfg = Debug|x86
		{EC07893F-D70A-4DC1-BD4E-B80798EAD078}.Debug|iPhone.Build.0 = Debug|x86
		{EC07893F-D70A-4DC1-BD4E-B80798EAD078}.Debug|iPhone.Deploy.0 = Debug|x86
		{EC07893F-D70A-4DC1-BD4E-B80798EAD078}.Debug|iPhoneSimulator.ActiveCfg = Debug|x86
		{EC07893F-D70A-4DC1-BD4E-B80798EAD078}.Debug|iPhoneSimulator.Build.0 = Debug|x86
		{EC07893F-D70A-4DC1-BD4E-B80798EAD078}.Debug|iPhoneSimulator.Deploy.0 = Debug|x86
		{EC07893F-D70A-4DC1-BD4E-B80798EAD078}.Debug|x64.ActiveCfg = Debug|x64
		{EC07893F-D70A-4DC1-BD4E-B80798EAD078}.Debug|x64.Build.0 = Debug|x64
		{EC07893F-D70A-4DC1-BD4E-B80798EAD078}.Debug|x64.Deploy.0 = Debug|x64
		{EC07893F-D70A-4DC1-BD4E-B80798EAD078}.Debug|x86.ActiveCfg = Debug|x86
		{EC07893F-D70A-4DC1-BD4E-B80798EAD078}.Debug|x86.Build.0 = Debug|x86
		{EC07893F-D70A-4DC1-BD4E-B80798EAD078}.Debug|x86.Deploy.0 = Debug|x86
		{EC07893F-D70A-4DC1-BD4E-B80798EAD078}.Release|Any CPU.ActiveCfg = Release|x86
		{EC07893F-D70A-4DC1-BD4E-B80798EAD078}.Release|Any CPU.Build.0 = Release|x86
		{EC07893F-D70A-4DC1-BD4E-B80798EAD078}.Release|Any CPU.Deploy.0 = Release|x86
		{EC07893F-D70A-4DC1-BD4E-B80798EAD078}.Release|ARM.ActiveCfg = Release|ARM
		{EC07893F-D70A-4DC1-BD4E-B80798EAD078}.Release|ARM.Build.0 = Release|ARM
		{EC07893F-D70A-4DC1-BD4E-B80798EAD078}.Release|ARM.Deploy.0 = Release|ARM
		{EC07893F-D70A-4DC1-BD4E-B80798EAD078}.Release|iPhone.ActiveCfg = Release|x86
		{EC07893F-D70A-4DC1-BD4E-B80798EAD078}.Release|iPhone.Build.0 = Release|x86
		{EC07893F-D70A-4DC1-BD4E-B80798EAD078}.Release|iPhone.Deploy.0 = Release|x86
		{EC07893F-D70A-4DC1-BD4E-B80798EAD078}.Release|iPhoneSimulator.ActiveCfg = Release|x86
		{EC07893F-D70A-4DC1-BD4E-B80798EAD078}.Release|iPhoneSimulator.Build.0 = Release|x86
		{EC07893F-D70A-4DC1-BD4E-B80798EAD078}.Release|iPhoneSimulator.Deploy.0 = Release|x86
		{EC07893F-D70A-4DC1-BD4E-B80798EAD078}.Release|x64.ActiveCfg = Release|x64
		{EC07893F-D70A-4DC1-BD4E-B80798EAD078}.Release|x64.Build.0 = Release|x64
		{EC07893F-D70A-4DC1-BD4E-B80798EAD078}.Release|x64.Deploy.0 = Release|x64
		{EC07893F-D70A-4DC1-BD4E-B80798EAD078}.Release|x86.ActiveCfg = Release|x86
		{EC07893F-D70A-4DC1-BD4E-B80798EAD078}.Release|x86.Build.0 = Release|x86
		{EC07893F-D70A-4DC1-BD4E-B80798EAD078}.Release|x86.Deploy.0 = Release|x86
		{E1473A34-5C73-4650-8C9A-0E02F5E75BDA}.Debug|Any CPU.ActiveCfg = Debug|Any CPU
		{E1473A34-5C73-4650-8C9A-0E02F5E75BDA}.Debug|Any CPU.Build.0 = Debug|Any CPU
		{E1473A34-5C73-4650-8C9A-0E02F5E75BDA}.Debug|Any CPU.Deploy.0 = Debug|Any CPU
		{E1473A34-5C73-4650-8C9A-0E02F5E75BDA}.Debug|ARM.ActiveCfg = Debug|Any CPU
		{E1473A34-5C73-4650-8C9A-0E02F5E75BDA}.Debug|ARM.Build.0 = Debug|Any CPU
		{E1473A34-5C73-4650-8C9A-0E02F5E75BDA}.Debug|ARM.Deploy.0 = Debug|Any CPU
		{E1473A34-5C73-4650-8C9A-0E02F5E75BDA}.Debug|iPhone.ActiveCfg = Debug|Any CPU
		{E1473A34-5C73-4650-8C9A-0E02F5E75BDA}.Debug|iPhone.Build.0 = Debug|Any CPU
		{E1473A34-5C73-4650-8C9A-0E02F5E75BDA}.Debug|iPhone.Deploy.0 = Debug|Any CPU
		{E1473A34-5C73-4650-8C9A-0E02F5E75BDA}.Debug|iPhoneSimulator.ActiveCfg = Debug|Any CPU
		{E1473A34-5C73-4650-8C9A-0E02F5E75BDA}.Debug|iPhoneSimulator.Build.0 = Debug|Any CPU
		{E1473A34-5C73-4650-8C9A-0E02F5E75BDA}.Debug|iPhoneSimulator.Deploy.0 = Debug|Any CPU
		{E1473A34-5C73-4650-8C9A-0E02F5E75BDA}.Debug|x64.ActiveCfg = Debug|Any CPU
		{E1473A34-5C73-4650-8C9A-0E02F5E75BDA}.Debug|x64.Build.0 = Debug|Any CPU
		{E1473A34-5C73-4650-8C9A-0E02F5E75BDA}.Debug|x64.Deploy.0 = Debug|Any CPU
		{E1473A34-5C73-4650-8C9A-0E02F5E75BDA}.Debug|x86.ActiveCfg = Debug|Any CPU
		{E1473A34-5C73-4650-8C9A-0E02F5E75BDA}.Debug|x86.Build.0 = Debug|Any CPU
		{E1473A34-5C73-4650-8C9A-0E02F5E75BDA}.Debug|x86.Deploy.0 = Debug|Any CPU
		{E1473A34-5C73-4650-8C9A-0E02F5E75BDA}.Release|Any CPU.ActiveCfg = Release|Any CPU
		{E1473A34-5C73-4650-8C9A-0E02F5E75BDA}.Release|Any CPU.Build.0 = Release|Any CPU
		{E1473A34-5C73-4650-8C9A-0E02F5E75BDA}.Release|Any CPU.Deploy.0 = Release|Any CPU
		{E1473A34-5C73-4650-8C9A-0E02F5E75BDA}.Release|ARM.ActiveCfg = Release|Any CPU
		{E1473A34-5C73-4650-8C9A-0E02F5E75BDA}.Release|ARM.Build.0 = Release|Any CPU
		{E1473A34-5C73-4650-8C9A-0E02F5E75BDA}.Release|ARM.Deploy.0 = Release|Any CPU
		{E1473A34-5C73-4650-8C9A-0E02F5E75BDA}.Release|iPhone.ActiveCfg = Release|Any CPU
		{E1473A34-5C73-4650-8C9A-0E02F5E75BDA}.Release|iPhone.Build.0 = Release|Any CPU
		{E1473A34-5C73-4650-8C9A-0E02F5E75BDA}.Release|iPhone.Deploy.0 = Release|Any CPU
		{E1473A34-5C73-4650-8C9A-0E02F5E75BDA}.Release|iPhoneSimulator.ActiveCfg = Release|Any CPU
		{E1473A34-5C73-4650-8C9A-0E02F5E75BDA}.Release|iPhoneSimulator.Build.0 = Release|Any CPU
		{E1473A34-5C73-4650-8C9A-0E02F5E75BDA}.Release|iPhoneSimulator.Deploy.0 = Release|Any CPU
		{E1473A34-5C73-4650-8C9A-0E02F5E75BDA}.Release|x64.ActiveCfg = Release|Any CPU
		{E1473A34-5C73-4650-8C9A-0E02F5E75BDA}.Release|x64.Build.0 = Release|Any CPU
		{E1473A34-5C73-4650-8C9A-0E02F5E75BDA}.Release|x64.Deploy.0 = Release|Any CPU
		{E1473A34-5C73-4650-8C9A-0E02F5E75BDA}.Release|x86.ActiveCfg = Release|Any CPU
		{E1473A34-5C73-4650-8C9A-0E02F5E75BDA}.Release|x86.Build.0 = Release|Any CPU
		{E1473A34-5C73-4650-8C9A-0E02F5E75BDA}.Release|x86.Deploy.0 = Release|Any CPU
		{A63E183F-7009-4D43-8662-07E288998D54}.Debug|Any CPU.ActiveCfg = Debug|iPhoneSimulator
		{A63E183F-7009-4D43-8662-07E288998D54}.Debug|Any CPU.Build.0 = Debug|iPhoneSimulator
		{A63E183F-7009-4D43-8662-07E288998D54}.Debug|Any CPU.Deploy.0 = Debug|iPhoneSimulator
		{A63E183F-7009-4D43-8662-07E288998D54}.Debug|ARM.ActiveCfg = Debug|iPhone
		{A63E183F-7009-4D43-8662-07E288998D54}.Debug|ARM.Build.0 = Debug|iPhone
		{A63E183F-7009-4D43-8662-07E288998D54}.Debug|ARM.Deploy.0 = Debug|iPhone
		{A63E183F-7009-4D43-8662-07E288998D54}.Debug|iPhone.ActiveCfg = Debug|iPhone
		{A63E183F-7009-4D43-8662-07E288998D54}.Debug|iPhone.Build.0 = Debug|iPhone
		{A63E183F-7009-4D43-8662-07E288998D54}.Debug|iPhone.Deploy.0 = Debug|iPhone
		{A63E183F-7009-4D43-8662-07E288998D54}.Debug|iPhoneSimulator.ActiveCfg = Debug|iPhoneSimulator
		{A63E183F-7009-4D43-8662-07E288998D54}.Debug|iPhoneSimulator.Build.0 = Debug|iPhoneSimulator
		{A63E183F-7009-4D43-8662-07E288998D54}.Debug|iPhoneSimulator.Deploy.0 = Debug|iPhoneSimulator
		{A63E183F-7009-4D43-8662-07E288998D54}.Debug|x64.ActiveCfg = Debug|iPhoneSimulator
		{A63E183F-7009-4D43-8662-07E288998D54}.Debug|x64.Build.0 = Debug|iPhoneSimulator
		{A63E183F-7009-4D43-8662-07E288998D54}.Debug|x64.Deploy.0 = Debug|iPhoneSimulator
		{A63E183F-7009-4D43-8662-07E288998D54}.Debug|x86.ActiveCfg = Debug|iPhoneSimulator
		{A63E183F-7009-4D43-8662-07E288998D54}.Debug|x86.Build.0 = Debug|iPhoneSimulator
		{A63E183F-7009-4D43-8662-07E288998D54}.Debug|x86.Deploy.0 = Debug|iPhoneSimulator
		{A63E183F-7009-4D43-8662-07E288998D54}.Release|Any CPU.ActiveCfg = Release|iPhoneSimulator
		{A63E183F-7009-4D43-8662-07E288998D54}.Release|Any CPU.Build.0 = Release|iPhoneSimulator
		{A63E183F-7009-4D43-8662-07E288998D54}.Release|Any CPU.Deploy.0 = Release|iPhoneSimulator
		{A63E183F-7009-4D43-8662-07E288998D54}.Release|ARM.ActiveCfg = Release|iPhoneSimulator
		{A63E183F-7009-4D43-8662-07E288998D54}.Release|ARM.Build.0 = Release|iPhoneSimulator
		{A63E183F-7009-4D43-8662-07E288998D54}.Release|ARM.Deploy.0 = Release|iPhoneSimulator
		{A63E183F-7009-4D43-8662-07E288998D54}.Release|iPhone.ActiveCfg = Release|iPhone
		{A63E183F-7009-4D43-8662-07E288998D54}.Release|iPhone.Build.0 = Release|iPhone
		{A63E183F-7009-4D43-8662-07E288998D54}.Release|iPhone.Deploy.0 = Release|iPhone
		{A63E183F-7009-4D43-8662-07E288998D54}.Release|iPhoneSimulator.ActiveCfg = Release|iPhoneSimulator
		{A63E183F-7009-4D43-8662-07E288998D54}.Release|iPhoneSimulator.Build.0 = Release|iPhoneSimulator
		{A63E183F-7009-4D43-8662-07E288998D54}.Release|iPhoneSimulator.Deploy.0 = Release|iPhoneSimulator
		{A63E183F-7009-4D43-8662-07E288998D54}.Release|x64.ActiveCfg = Release|iPhoneSimulator
		{A63E183F-7009-4D43-8662-07E288998D54}.Release|x64.Build.0 = Release|iPhoneSimulator
		{A63E183F-7009-4D43-8662-07E288998D54}.Release|x64.Deploy.0 = Release|iPhoneSimulator
		{A63E183F-7009-4D43-8662-07E288998D54}.Release|x86.ActiveCfg = Release|iPhoneSimulator
		{A63E183F-7009-4D43-8662-07E288998D54}.Release|x86.Build.0 = Release|iPhoneSimulator
		{A63E183F-7009-4D43-8662-07E288998D54}.Release|x86.Deploy.0 = Release|iPhoneSimulator
		{60ECAF59-685D-4AC1-9326-09AC4614A769}.Debug|Any CPU.ActiveCfg = Debug|Any CPU
		{60ECAF59-685D-4AC1-9326-09AC4614A769}.Debug|Any CPU.Build.0 = Debug|Any CPU
		{60ECAF59-685D-4AC1-9326-09AC4614A769}.Debug|Any CPU.Deploy.0 = Debug|Any CPU
		{60ECAF59-685D-4AC1-9326-09AC4614A769}.Debug|ARM.ActiveCfg = Debug|Any CPU
		{60ECAF59-685D-4AC1-9326-09AC4614A769}.Debug|ARM.Build.0 = Debug|Any CPU
		{60ECAF59-685D-4AC1-9326-09AC4614A769}.Debug|ARM.Deploy.0 = Debug|Any CPU
		{60ECAF59-685D-4AC1-9326-09AC4614A769}.Debug|iPhone.ActiveCfg = Debug|Any CPU
		{60ECAF59-685D-4AC1-9326-09AC4614A769}.Debug|iPhone.Build.0 = Debug|Any CPU
		{60ECAF59-685D-4AC1-9326-09AC4614A769}.Debug|iPhone.Deploy.0 = Debug|Any CPU
		{60ECAF59-685D-4AC1-9326-09AC4614A769}.Debug|iPhoneSimulator.ActiveCfg = Debug|Any CPU
		{60ECAF59-685D-4AC1-9326-09AC4614A769}.Debug|iPhoneSimulator.Build.0 = Debug|Any CPU
		{60ECAF59-685D-4AC1-9326-09AC4614A769}.Debug|iPhoneSimulator.Deploy.0 = Debug|Any CPU
		{60ECAF59-685D-4AC1-9326-09AC4614A769}.Debug|x64.ActiveCfg = Debug|Any CPU
		{60ECAF59-685D-4AC1-9326-09AC4614A769}.Debug|x64.Build.0 = Debug|Any CPU
		{60ECAF59-685D-4AC1-9326-09AC4614A769}.Debug|x64.Deploy.0 = Debug|Any CPU
		{60ECAF59-685D-4AC1-9326-09AC4614A769}.Debug|x86.ActiveCfg = Debug|Any CPU
		{60ECAF59-685D-4AC1-9326-09AC4614A769}.Debug|x86.Build.0 = Debug|Any CPU
		{60ECAF59-685D-4AC1-9326-09AC4614A769}.Debug|x86.Deploy.0 = Debug|Any CPU
		{60ECAF59-685D-4AC1-9326-09AC4614A769}.Release|Any CPU.ActiveCfg = Release|Any CPU
		{60ECAF59-685D-4AC1-9326-09AC4614A769}.Release|Any CPU.Build.0 = Release|Any CPU
		{60ECAF59-685D-4AC1-9326-09AC4614A769}.Release|Any CPU.Deploy.0 = Release|Any CPU
		{60ECAF59-685D-4AC1-9326-09AC4614A769}.Release|ARM.ActiveCfg = Release|Any CPU
		{60ECAF59-685D-4AC1-9326-09AC4614A769}.Release|ARM.Build.0 = Release|Any CPU
		{60ECAF59-685D-4AC1-9326-09AC4614A769}.Release|ARM.Deploy.0 = Release|Any CPU
		{60ECAF59-685D-4AC1-9326-09AC4614A769}.Release|iPhone.ActiveCfg = Release|Any CPU
		{60ECAF59-685D-4AC1-9326-09AC4614A769}.Release|iPhone.Build.0 = Release|Any CPU
		{60ECAF59-685D-4AC1-9326-09AC4614A769}.Release|iPhone.Deploy.0 = Release|Any CPU
		{60ECAF59-685D-4AC1-9326-09AC4614A769}.Release|iPhoneSimulator.ActiveCfg = Release|Any CPU
		{60ECAF59-685D-4AC1-9326-09AC4614A769}.Release|iPhoneSimulator.Build.0 = Release|Any CPU
		{60ECAF59-685D-4AC1-9326-09AC4614A769}.Release|iPhoneSimulator.Deploy.0 = Release|Any CPU
		{60ECAF59-685D-4AC1-9326-09AC4614A769}.Release|x64.ActiveCfg = Release|Any CPU
		{60ECAF59-685D-4AC1-9326-09AC4614A769}.Release|x64.Build.0 = Release|Any CPU
		{60ECAF59-685D-4AC1-9326-09AC4614A769}.Release|x64.Deploy.0 = Release|Any CPU
		{60ECAF59-685D-4AC1-9326-09AC4614A769}.Release|x86.ActiveCfg = Release|Any CPU
		{60ECAF59-685D-4AC1-9326-09AC4614A769}.Release|x86.Build.0 = Release|Any CPU
		{60ECAF59-685D-4AC1-9326-09AC4614A769}.Release|x86.Deploy.0 = Release|Any CPU
	EndGlobalSection
	GlobalSection(SolutionProperties) = preSolution
		HideSolutionNode = FALSE
	EndGlobalSection
	GlobalSection(ExtensibilityGlobals) = postSolution
		SolutionGuid = {583CBD6A-9E7D-47B6-B19C-27ACD1CF2F47}
	EndGlobalSection
EndGlobal
